{
  "name": "Project_emotion",
  "lockfileVersion": 2,
  "requires": true,
  "packages": {
    "": {
      "dependencies": {
        "simple-keyboard": "^3.4.55"
      }
    },
    "node_modules/simple-keyboard": {
      "version": "3.4.55",
      "resolved": "https://registry.npmjs.org/simple-keyboard/-/simple-keyboard-3.4.55.tgz",
      "integrity": "sha512-8BNZck2fRseqq3fuIt9FFfyLPcfC56LGyHqGdS1v69/PiFHSlzLz0S58+73BKQM2zB6mryByqtdEE8cn288DxQ=="
    }
  },
  "dependencies": {
    "simple-keyboard": {
      "version": "3.4.55",
      "resolved": "https://registry.npmjs.org/simple-keyboard/-/simple-keyboard-3.4.55.tgz",
      "integrity": "sha512-8BNZck2fRseqq3fuIt9FFfyLPcfC56LGyHqGdS1v69/PiFHSlzLz0S58+73BKQM2zB6mryByqtdEE8cn288DxQ=="
    }
  }
}
